
Microsoft Visual Studio Solution File, Format Version 12.00
# Visual Studio Version 17
VisualStudioVersion = 17.6.33801.468
MinimumVisualStudioVersion = 10.0.40219.1
Project("{FAE04EC0-301F-11D3-BF4B-00C04F79EFBC}") = "mnk", "mnk.csproj", "{39AF64C2-9E73-4BC8-8E6D-019420062EB0}"
EndProject
Global
	GlobalSection(SolutionConfigurationPlatforms) = preSolution
		Debug|Any CPU = Debug|Any CPU
		Release|Any CPU = Release|Any CPU
	EndGlobalSection
	GlobalSection(ProjectConfigurationPlatforms) = postSolution
		{39AF64C2-9E73-4BC8-8E6D-019420062EB0}.Debug|Any CPU.ActiveCfg = Debug|Any CPU
		{39AF64C2-9E73-4BC8-8E6D-019420062EB0}.Debug|Any CPU.Build.0 = Debug|Any CPU
		{39AF64C2-9E73-4BC8-8E6D-019420062EB0}.Release|Any CPU.ActiveCfg = Release|Any CPU
		{39AF64C2-9E73-4BC8-8E6D-019420062EB0}.Release|Any CPU.Build.0 = Release|Any CPU
	EndGlobalSection
	GlobalSection(SolutionProperties) = preSolution
		HideSolutionNode = FALSE
	EndGlobalSection
	GlobalSection(ExtensibilityGlobals) = postSolution
		SolutionGuid = {4195AFE4-F71C-4B98-A13D-94A163A4DDD8}
	EndGlobalSection
EndGlobal
